// !$*UTF8*$!
{
	archiveVersion = 1;
	classes = {
	};
	objectVersion = 46;
	objects = {

/* Begin PBXBuildFile section */
		17441F3F1E30ABF70082BF8E /* CCLocationMake.m in Sources */ = {isa = PBXBuildFile; fileRef = 17441F251E30ABF60082BF8E /* CCLocationMake.m */; };
		17441F401E30ABF70082BF8E /* CCLog.m in Sources */ = {isa = PBXBuildFile; fileRef = 17441F271E30ABF60082BF8E /* CCLog.m */; };
		17441F411E30ABF70082BF8E /* CCLogController+Utility.m in Sources */ = {isa = PBXBuildFile; fileRef = 17441F291E30ABF60082BF8E /* CCLogController+Utility.m */; };
		17441F421E30ABF70082BF8E /* CCLogController.m in Sources */ = {isa = PBXBuildFile; fileRef = 17441F2B1E30ABF60082BF8E /* CCLogController.m */; };
		17441F431E30ABF70082BF8E /* CCLogReviewViewController.m in Sources */ = {isa = PBXBuildFile; fileRef = 17441F2D1E30ABF60082BF8E /* CCLogReviewViewController.m */; };
		17441F441E30ABF70082BF8E /* CCLogStringImp.m in Sources */ = {isa = PBXBuildFile; fileRef = 17441F2F1E30ABF60082BF8E /* CCLogStringImp.m */; };
		17441F451E30ABF70082BF8E /* CCLogSystem.m in Sources */ = {isa = PBXBuildFile; fileRef = 17441F311E30ABF60082BF8E /* CCLogSystem.m */; };
		17441F461E30ABF70082BF8E /* CCLogViewController.m in Sources */ = {isa = PBXBuildFile; fileRef = 17441F331E30ABF60082BF8E /* CCLogViewController.m */; };
		17441F471E30ABF70082BF8E /* CCSimpleFileOutputRedirectionController.m in Sources */ = {isa = PBXBuildFile; fileRef = 17441F351E30ABF60082BF8E /* CCSimpleFileOutputRedirectionController.m */; };
		17441F481E30ABF70082BF8E /* CCTeeController.m in Sources */ = {isa = PBXBuildFile; fileRef = 17441F371E30ABF60082BF8E /* CCTeeController.m */; };
		17441F491E30ABF70082BF8E /* NSObject+CCReverseComparison.m in Sources */ = {isa = PBXBuildFile; fileRef = 17441F391E30ABF60082BF8E /* NSObject+CCReverseComparison.m */; };
		17441F4A1E30ABF70082BF8E /* Info.plist in Resources */ = {isa = PBXBuildFile; fileRef = 17441F3E1E30ABF70082BF8E /* Info.plist */; };
		17DDA63B1DE0370D008C7097 /* main.m in Sources */ = {isa = PBXBuildFile; fileRef = 17DDA63A1DE0370D008C7097 /* main.m */; };
		17DDA63E1DE0370D008C7097 /* AppDelegate.m in Sources */ = {isa = PBXBuildFile; fileRef = 17DDA63D1DE0370D008C7097 /* AppDelegate.m */; };
		17DDA6411DE0370D008C7097 /* ViewController.m in Sources */ = {isa = PBXBuildFile; fileRef = 17DDA6401DE0370D008C7097 /* ViewController.m */; };
		17DDA6441DE0370D008C7097 /* Main.storyboard in Resources */ = {isa = PBXBuildFile; fileRef = 17DDA6421DE0370D008C7097 /* Main.storyboard */; };
		17DDA6461DE0370D008C7097 /* Assets.xcassets in Resources */ = {isa = PBXBuildFile; fileRef = 17DDA6451DE0370D008C7097 /* Assets.xcassets */; };
		17DDA6491DE0370D008C7097 /* LaunchScreen.storyboard in Resources */ = {isa = PBXBuildFile; fileRef = 17DDA6471DE0370D008C7097 /* LaunchScreen.storyboard */; };
		17DDA6541DE0370D008C7097 /* SPTabBarViewControllerTests.m in Sources */ = {isa = PBXBuildFile; fileRef = 17DDA6531DE0370D008C7097 /* SPTabBarViewControllerTests.m */; };
		17DDA65F1DE0370D008C7097 /* SPTabBarViewControllerUITests.m in Sources */ = {isa = PBXBuildFile; fileRef = 17DDA65E1DE0370D008C7097 /* SPTabBarViewControllerUITests.m */; };
		17DDA6771DE0375C008C7097 /* AViewController.m in Sources */ = {isa = PBXBuildFile; fileRef = 17DDA66E1DE0375C008C7097 /* AViewController.m */; };
		17DDA6781DE0375C008C7097 /* BViewController.m in Sources */ = {isa = PBXBuildFile; fileRef = 17DDA6701DE0375C008C7097 /* BViewController.m */; };
		17DDA6791DE0375C008C7097 /* CViewController.m in Sources */ = {isa = PBXBuildFile; fileRef = 17DDA6721DE0375C008C7097 /* CViewController.m */; };
		17DDA67A1DE0375C008C7097 /* DViewController.m in Sources */ = {isa = PBXBuildFile; fileRef = 17DDA6741DE0375C008C7097 /* DViewController.m */; };
		17DDA67B1DE0375C008C7097 /* EViewController.m in Sources */ = {isa = PBXBuildFile; fileRef = 17DDA6761DE0375C008C7097 /* EViewController.m */; };
		17DDA67E1DE0377A008C7097 /* SPTabBarViewController.m in Sources */ = {isa = PBXBuildFile; fileRef = 17DDA67D1DE0377A008C7097 /* SPTabBarViewController.m */; };
		17DDA6E11DE03D4E008C7097 /* LICENSE in Resources */ = {isa = PBXBuildFile; fileRef = 17DDA6C11DE03D4E008C7097 /* LICENSE */; };
		17DDA6E21DE03D4E008C7097 /* README.md in Sources */ = {isa = PBXBuildFile; fileRef = 17DDA6C21DE03D4E008C7097 /* README.md */; };
		17DDA6E31DE03D4E008C7097 /* NSData+ImageContentType.m in Sources */ = {isa = PBXBuildFile; fileRef = 17DDA6C51DE03D4E008C7097 /* NSData+ImageContentType.m */; };
		17DDA6E41DE03D4E008C7097 /* SDImageCache.m in Sources */ = {isa = PBXBuildFile; fileRef = 17DDA6C71DE03D4E008C7097 /* SDImageCache.m */; };
		17DDA6E51DE03D4E008C7097 /* SDWebImageCompat.m in Sources */ = {isa = PBXBuildFile; fileRef = 17DDA6C91DE03D4E008C7097 /* SDWebImageCompat.m */; };
		17DDA6E61DE03D4E008C7097 /* SDWebImageDecoder.m in Sources */ = {isa = PBXBuildFile; fileRef = 17DDA6CB1DE03D4E008C7097 /* SDWebImageDecoder.m */; };
		17DDA6E71DE03D4E008C7097 /* SDWebImageDownloader.m in Sources */ = {isa = PBXBuildFile; fileRef = 17DDA6CD1DE03D4E008C7097 /* SDWebImageDownloader.m */; };
		17DDA6E81DE03D4E008C7097 /* SDWebImageDownloaderOperation.m in Sources */ = {isa = PBXBuildFile; fileRef = 17DDA6CF1DE03D4E008C7097 /* SDWebImageDownloaderOperation.m */; };
		17DDA6E91DE03D4E008C7097 /* SDWebImageManager.m in Sources */ = {isa = PBXBuildFile; fileRef = 17DDA6D11DE03D4E008C7097 /* SDWebImageManager.m */; };
		17DDA6EA1DE03D4E008C7097 /* SDWebImagePrefetcher.m in Sources */ = {isa = PBXBuildFile; fileRef = 17DDA6D41DE03D4E008C7097 /* SDWebImagePrefetcher.m */; };
		17DDA6EB1DE03D4E008C7097 /* UIButton+WebCache.m in Sources */ = {isa = PBXBuildFile; fileRef = 17DDA6D61DE03D4E008C7097 /* UIButton+WebCache.m */; };
		17DDA6EC1DE03D4E008C7097 /* UIImage+GIF.m in Sources */ = {isa = PBXBuildFile; fileRef = 17DDA6D81DE03D4E008C7097 /* UIImage+GIF.m */; };
		17DDA6ED1DE03D4E008C7097 /* UIImage+MultiFormat.m in Sources */ = {isa = PBXBuildFile; fileRef = 17DDA6DA1DE03D4E008C7097 /* UIImage+MultiFormat.m */; };
		17DDA6EE1DE03D4E008C7097 /* UIImageView+HighlightedWebCache.m in Sources */ = {isa = PBXBuildFile; fileRef = 17DDA6DC1DE03D4E008C7097 /* UIImageView+HighlightedWebCache.m */; };
		17DDA6EF1DE03D4E008C7097 /* UIImageView+WebCache.m in Sources */ = {isa = PBXBuildFile; fileRef = 17DDA6DE1DE03D4E008C7097 /* UIImageView+WebCache.m */; };
		17DDA6F01DE03D4E008C7097 /* UIView+WebCacheOperation.m in Sources */ = {isa = PBXBuildFile; fileRef = 17DDA6E01DE03D4E008C7097 /* UIView+WebCacheOperation.m */; };
		17DDA6F31DE03FA3008C7097 /* CoreImage.framework in Frameworks */ = {isa = PBXBuildFile; fileRef = 17DDA6F21DE03FA3008C7097 /* CoreImage.framework */; };
		17DDA6F51DE03FAA008C7097 /* ImageIO.framework in Frameworks */ = {isa = PBXBuildFile; fileRef = 17DDA6F41DE03FAA008C7097 /* ImageIO.framework */; };
		17DDA6F81DE0409D008C7097 /* SPTabBar.m in Sources */ = {isa = PBXBuildFile; fileRef = 17DDA6F71DE0409D008C7097 /* SPTabBar.m */; };
		17DDA6FB1DE043FB008C7097 /* SPTabBarView.m in Sources */ = {isa = PBXBuildFile; fileRef = 17DDA6FA1DE043FB008C7097 /* SPTabBarView.m */; };
		17DDA7081DE087DC008C7097 /* SPTabBarItemView.m in Sources */ = {isa = PBXBuildFile; fileRef = 17DDA7071DE087DC008C7097 /* SPTabBarItemView.m */; };
		17DDA7211DE08B17008C7097 /* MASCompositeConstraint.m in Sources */ = {isa = PBXBuildFile; fileRef = 17DDA70B1DE08B17008C7097 /* MASCompositeConstraint.m */; };
		17DDA7221DE08B17008C7097 /* MASConstraint.m in Sources */ = {isa = PBXBuildFile; fileRef = 17DDA70E1DE08B17008C7097 /* MASConstraint.m */; };
		17DDA7231DE08B17008C7097 /* MASConstraintMaker.m in Sources */ = {isa = PBXBuildFile; fileRef = 17DDA7101DE08B17008C7097 /* MASConstraintMaker.m */; };
		17DDA7241DE08B17008C7097 /* MASLayoutConstraint.m in Sources */ = {isa = PBXBuildFile; fileRef = 17DDA7121DE08B17008C7097 /* MASLayoutConstraint.m */; };
		17DDA7251DE08B17008C7097 /* MASViewAttribute.m in Sources */ = {isa = PBXBuildFile; fileRef = 17DDA7161DE08B17008C7097 /* MASViewAttribute.m */; };
		17DDA7261DE08B17008C7097 /* MASViewConstraint.m in Sources */ = {isa = PBXBuildFile; fileRef = 17DDA7181DE08B17008C7097 /* MASViewConstraint.m */; };
		17DDA7271DE08B17008C7097 /* NSArray+MASAdditions.m in Sources */ = {isa = PBXBuildFile; fileRef = 17DDA71A1DE08B17008C7097 /* NSArray+MASAdditions.m */; };
		17DDA7281DE08B17008C7097 /* NSLayoutConstraint+MASDebugAdditions.m in Sources */ = {isa = PBXBuildFile; fileRef = 17DDA71D1DE08B17008C7097 /* NSLayoutConstraint+MASDebugAdditions.m */; };
		17DDA7291DE08B17008C7097 /* View+MASAdditions.m in Sources */ = {isa = PBXBuildFile; fileRef = 17DDA71F1DE08B17008C7097 /* View+MASAdditions.m */; };
/* End PBXBuildFile section */

/* Begin PBXContainerItemProxy section */
		17441F4C1E30ABF70082BF8E /* PBXContainerItemProxy */ = {
			isa = PBXContainerItemProxy;
			containerPortal = 17441F3A1E30ABF60082BF8E /* CCLogSystem.xcodeproj */;
			proxyType = 2;
			remoteGlobalIDString = 348FAFCF1A02325000AA05C2;
			remoteInfo = CCLogSystem;
		};
		17DDA6501DE0370D008C7097 /* PBXContainerItemProxy */ = {
			isa = PBXContainerItemProxy;
			containerPortal = 17DDA62E1DE0370D008C7097 /* Project object */;
			proxyType = 1;
			remoteGlobalIDString = 17DDA6351DE0370D008C7097;
			remoteInfo = SPTabBarViewController;
		};
		17DDA65B1DE0370D008C7097 /* PBXContainerItemProxy */ = {
			isa = PBXContainerItemProxy;
			containerPortal = 17DDA62E1DE0370D008C7097 /* Project object */;
			proxyType = 1;
			remoteGlobalIDString = 17DDA6351DE0370D008C7097;
			remoteInfo = SPTabBarViewController;
		};
/* End PBXContainerItemProxy section */

/* Begin PBXFileReference section */
		17441F231E30ABF60082BF8E /* CCFileOutputRedirectionController.h */ = {isa = PBXFileReference; fileEncoding = 4; lastKnownFileType = sourcecode.c.h; path = CCFileOutputRedirectionController.h; sourceTree = "<group>"; };
		17441F241E30ABF60082BF8E /* CCLocationMake.h */ = {isa = PBXFileReference; fileEncoding = 4; lastKnownFileType = sourcecode.c.h; path = CCLocationMake.h; sourceTree = "<group>"; };
		17441F251E30ABF60082BF8E /* CCLocationMake.m */ = {isa = PBXFileReference; fileEncoding = 4; lastKnownFileType = sourcecode.c.objc; path = CCLocationMake.m; sourceTree = "<group>"; };
		17441F261E30ABF60082BF8E /* CCLog.h */ = {isa = PBXFileReference; fileEncoding = 4; lastKnownFileType = sourcecode.c.h; path = CCLog.h; sourceTree = "<group>"; };
		17441F271E30ABF60082BF8E /* CCLog.m */ = {isa = PBXFileReference; fileEncoding = 4; lastKnownFileType = sourcecode.c.objc; path = CCLog.m; sourceTree = "<group>"; };
		17441F281E30ABF60082BF8E /* CCLogController+Utility.h */ = {isa = PBXFileReference; fileEncoding = 4; lastKnownFileType = sourcecode.c.h; path = "CCLogController+Utility.h"; sourceTree = "<group>"; };
		17441F291E30ABF60082BF8E /* CCLogController+Utility.m */ = {isa = PBXFileReference; fileEncoding = 4; lastKnownFileType = sourcecode.c.objc; path = "CCLogController+Utility.m"; sourceTree = "<group>"; };
		17441F2A1E30ABF60082BF8E /* CCLogController.h */ = {isa = PBXFileReference; fileEncoding = 4; lastKnownFileType = sourcecode.c.h; path = CCLogController.h; sourceTree = "<group>"; };
		17441F2B1E30ABF60082BF8E /* CCLogController.m */ = {isa = PBXFileReference; fileEncoding = 4; lastKnownFileType = sourcecode.c.objc; path = CCLogController.m; sourceTree = "<group>"; };
		17441F2C1E30ABF60082BF8E /* CCLogReviewViewController.h */ = {isa = PBXFileReference; fileEncoding = 4; lastKnownFileType = sourcecode.c.h; path = CCLogReviewViewController.h; sourceTree = "<group>"; };
		17441F2D1E30ABF60082BF8E /* CCLogReviewViewController.m */ = {isa = PBXFileReference; fileEncoding = 4; lastKnownFileType = sourcecode.c.objc; path = CCLogReviewViewController.m; sourceTree = "<group>"; };
		17441F2E1E30ABF60082BF8E /* CCLogStringImp.h */ = {isa = PBXFileReference; fileEncoding = 4; lastKnownFileType = sourcecode.c.h; path = CCLogStringImp.h; sourceTree = "<group>"; };
		17441F2F1E30ABF60082BF8E /* CCLogStringImp.m */ = {isa = PBXFileReference; fileEncoding = 4; lastKnownFileType = sourcecode.c.objc; path = CCLogStringImp.m; sourceTree = "<group>"; };
		17441F301E30ABF60082BF8E /* CCLogSystem.h */ = {isa = PBXFileReference; fileEncoding = 4; lastKnownFileType = sourcecode.c.h; path = CCLogSystem.h; sourceTree = "<group>"; };
		17441F311E30ABF60082BF8E /* CCLogSystem.m */ = {isa = PBXFileReference; fileEncoding = 4; lastKnownFileType = sourcecode.c.objc; path = CCLogSystem.m; sourceTree = "<group>"; };
		17441F321E30ABF60082BF8E /* CCLogViewController.h */ = {isa = PBXFileReference; fileEncoding = 4; lastKnownFileType = sourcecode.c.h; path = CCLogViewController.h; sourceTree = "<group>"; };
		17441F331E30ABF60082BF8E /* CCLogViewController.m */ = {isa = PBXFileReference; fileEncoding = 4; lastKnownFileType = sourcecode.c.objc; path = CCLogViewController.m; sourceTree = "<group>"; };
		17441F341E30ABF60082BF8E /* CCSimpleFileOutputRedirectionController.h */ = {isa = PBXFileReference; fileEncoding = 4; lastKnownFileType = sourcecode.c.h; path = CCSimpleFileOutputRedirectionController.h; sourceTree = "<group>"; };
		17441F351E30ABF60082BF8E /* CCSimpleFileOutputRedirectionController.m */ = {isa = PBXFileReference; fileEncoding = 4; lastKnownFileType = sourcecode.c.objc; path = CCSimpleFileOutputRedirectionController.m; sourceTree = "<group>"; };
		17441F361E30ABF60082BF8E /* CCTeeController.h */ = {isa = PBXFileReference; fileEncoding = 4; lastKnownFileType = sourcecode.c.h; path = CCTeeController.h; sourceTree = "<group>"; };
		17441F371E30ABF60082BF8E /* CCTeeController.m */ = {isa = PBXFileReference; fileEncoding = 4; lastKnownFileType = sourcecode.c.objc; path = CCTeeController.m; sourceTree = "<group>"; };
		17441F381E30ABF60082BF8E /* NSObject+CCReverseComparison.h */ = {isa = PBXFileReference; fileEncoding = 4; lastKnownFileType = sourcecode.c.h; path = "NSObject+CCReverseComparison.h"; sourceTree = "<group>"; };
		17441F391E30ABF60082BF8E /* NSObject+CCReverseComparison.m */ = {isa = PBXFileReference; fileEncoding = 4; lastKnownFileType = sourcecode.c.objc; path = "NSObject+CCReverseComparison.m"; sourceTree = "<group>"; };
		17441F3A1E30ABF60082BF8E /* CCLogSystem.xcodeproj */ = {isa = PBXFileReference; lastKnownFileType = "wrapper.pb-project"; path = CCLogSystem.xcodeproj; sourceTree = "<group>"; };
		17441F3E1E30ABF70082BF8E /* Info.plist */ = {isa = PBXFileReference; fileEncoding = 4; lastKnownFileType = text.plist.xml; path = Info.plist; sourceTree = "<group>"; };
		17441F4E1E30ACA80082BF8E /* PrefixHeader.pch */ = {isa = PBXFileReference; lastKnownFileType = sourcecode.c.h; path = PrefixHeader.pch; sourceTree = "<group>"; };
		17DDA6361DE0370D008C7097 /* SPTabBarViewController.app */ = {isa = PBXFileReference; explicitFileType = wrapper.application; includeInIndex = 0; path = SPTabBarViewController.app; sourceTree = BUILT_PRODUCTS_DIR; };
		17DDA63A1DE0370D008C7097 /* main.m */ = {isa = PBXFileReference; lastKnownFileType = sourcecode.c.objc; path = main.m; sourceTree = "<group>"; };
		17DDA63C1DE0370D008C7097 /* AppDelegate.h */ = {isa = PBXFileReference; lastKnownFileType = sourcecode.c.h; path = AppDelegate.h; sourceTree = "<group>"; };
		17DDA63D1DE0370D008C7097 /* AppDelegate.m */ = {isa = PBXFileReference; lastKnownFileType = sourcecode.c.objc; path = AppDelegate.m; sourceTree = "<group>"; };
		17DDA63F1DE0370D008C7097 /* ViewController.h */ = {isa = PBXFileReference; lastKnownFileType = sourcecode.c.h; path = ViewController.h; sourceTree = "<group>"; };
		17DDA6401DE0370D008C7097 /* ViewController.m */ = {isa = PBXFileReference; lastKnownFileType = sourcecode.c.objc; path = ViewController.m; sourceTree = "<group>"; };
		17DDA6431DE0370D008C7097 /* Base */ = {isa = PBXFileReference; lastKnownFileType = file.storyboard; name = Base; path = Base.lproj/Main.storyboard; sourceTree = "<group>"; };
		17DDA6451DE0370D008C7097 /* Assets.xcassets */ = {isa = PBXFileReference; lastKnownFileType = folder.assetcatalog; path = Assets.xcassets; sourceTree = "<group>"; };
		17DDA6481DE0370D008C7097 /* Base */ = {isa = PBXFileReference; lastKnownFileType = file.storyboard; name = Base; path = Base.lproj/LaunchScreen.storyboard; sourceTree = "<group>"; };
		17DDA64A1DE0370D008C7097 /* Info.plist */ = {isa = PBXFileReference; lastKnownFileType = text.plist.xml; path = Info.plist; sourceTree = "<group>"; };
		17DDA64F1DE0370D008C7097 /* SPTabBarViewControllerTests.xctest */ = {isa = PBXFileReference; explicitFileType = wrapper.cfbundle; includeInIndex = 0; path = SPTabBarViewControllerTests.xctest; sourceTree = BUILT_PRODUCTS_DIR; };
		17DDA6531DE0370D008C7097 /* SPTabBarViewControllerTests.m */ = {isa = PBXFileReference; lastKnownFileType = sourcecode.c.objc; path = SPTabBarViewControllerTests.m; sourceTree = "<group>"; };
		17DDA6551DE0370D008C7097 /* Info.plist */ = {isa = PBXFileReference; lastKnownFileType = text.plist.xml; path = Info.plist; sourceTree = "<group>"; };
		17DDA65A1DE0370D008C7097 /* SPTabBarViewControllerUITests.xctest */ = {isa = PBXFileReference; explicitFileType = wrapper.cfbundle; includeInIndex = 0; path = SPTabBarViewControllerUITests.xctest; sourceTree = BUILT_PRODUCTS_DIR; };
		17DDA65E1DE0370D008C7097 /* SPTabBarViewControllerUITests.m */ = {isa = PBXFileReference; lastKnownFileType = sourcecode.c.objc; path = SPTabBarViewControllerUITests.m; sourceTree = "<group>"; };
		17DDA6601DE0370D008C7097 /* Info.plist */ = {isa = PBXFileReference; lastKnownFileType = text.plist.xml; path = Info.plist; sourceTree = "<group>"; };
		17DDA66D1DE0375C008C7097 /* AViewController.h */ = {isa = PBXFileReference; fileEncoding = 4; lastKnownFileType = sourcecode.c.h; path = AViewController.h; sourceTree = "<group>"; };
		17DDA66E1DE0375C008C7097 /* AViewController.m */ = {isa = PBXFileReference; fileEncoding = 4; lastKnownFileType = sourcecode.c.objc; path = AViewController.m; sourceTree = "<group>"; };
		17DDA66F1DE0375C008C7097 /* BViewController.h */ = {isa = PBXFileReference; fileEncoding = 4; lastKnownFileType = sourcecode.c.h; path = BViewController.h; sourceTree = "<group>"; };
		17DDA6701DE0375C008C7097 /* BViewController.m */ = {isa = PBXFileReference; fileEncoding = 4; lastKnownFileType = sourcecode.c.objc; path = BViewController.m; sourceTree = "<group>"; };
		17DDA6711DE0375C008C7097 /* CViewController.h */ = {isa = PBXFileReference; fileEncoding = 4; lastKnownFileType = sourcecode.c.h; path = CViewController.h; sourceTree = "<group>"; };
		17DDA6721DE0375C008C7097 /* CViewController.m */ = {isa = PBXFileReference; fileEncoding = 4; lastKnownFileType = sourcecode.c.objc; path = CViewController.m; sourceTree = "<group>"; };
		17DDA6731DE0375C008C7097 /* DViewController.h */ = {isa = PBXFileReference; fileEncoding = 4; lastKnownFileType = sourcecode.c.h; path = DViewController.h; sourceTree = "<group>"; };
		17DDA6741DE0375C008C7097 /* DViewController.m */ = {isa = PBXFileReference; fileEncoding = 4; lastKnownFileType = sourcecode.c.objc; path = DViewController.m; sourceTree = "<group>"; };
		17DDA6751DE0375C008C7097 /* EViewController.h */ = {isa = PBXFileReference; fileEncoding = 4; lastKnownFileType = sourcecode.c.h; path = EViewController.h; sourceTree = "<group>"; };
		17DDA6761DE0375C008C7097 /* EViewController.m */ = {isa = PBXFileReference; fileEncoding = 4; lastKnownFileType = sourcecode.c.objc; path = EViewController.m; sourceTree = "<group>"; };
		17DDA67C1DE0377A008C7097 /* SPTabBarViewController.h */ = {isa = PBXFileReference; fileEncoding = 4; lastKnownFileType = sourcecode.c.h; path = SPTabBarViewController.h; sourceTree = "<group>"; };
		17DDA67D1DE0377A008C7097 /* SPTabBarViewController.m */ = {isa = PBXFileReference; fileEncoding = 4; lastKnownFileType = sourcecode.c.objc; path = SPTabBarViewController.m; sourceTree = "<group>"; };
		17DDA6C11DE03D4E008C7097 /* LICENSE */ = {isa = PBXFileReference; fileEncoding = 4; lastKnownFileType = text; path = LICENSE; sourceTree = "<group>"; };
		17DDA6C21DE03D4E008C7097 /* README.md */ = {isa = PBXFileReference; fileEncoding = 4; lastKnownFileType = net.daringfireball.markdown; path = README.md; sourceTree = "<group>"; };
		17DDA6C41DE03D4E008C7097 /* NSData+ImageContentType.h */ = {isa = PBXFileReference; fileEncoding = 4; lastKnownFileType = sourcecode.c.h; path = "NSData+ImageContentType.h"; sourceTree = "<group>"; };
		17DDA6C51DE03D4E008C7097 /* NSData+ImageContentType.m */ = {isa = PBXFileReference; fileEncoding = 4; lastKnownFileType = sourcecode.c.objc; path = "NSData+ImageContentType.m"; sourceTree = "<group>"; };
		17DDA6C61DE03D4E008C7097 /* SDImageCache.h */ = {isa = PBXFileReference; fileEncoding = 4; lastKnownFileType = sourcecode.c.h; path = SDImageCache.h; sourceTree = "<group>"; };
		17DDA6C71DE03D4E008C7097 /* SDImageCache.m */ = {isa = PBXFileReference; fileEncoding = 4; lastKnownFileType = sourcecode.c.objc; path = SDImageCache.m; sourceTree = "<group>"; };
		17DDA6C81DE03D4E008C7097 /* SDWebImageCompat.h */ = {isa = PBXFileReference; fileEncoding = 4; lastKnownFileType = sourcecode.c.h; path = SDWebImageCompat.h; sourceTree = "<group>"; };
		17DDA6C91DE03D4E008C7097 /* SDWebImageCompat.m */ = {isa = PBXFileReference; fileEncoding = 4; lastKnownFileType = sourcecode.c.objc; path = SDWebImageCompat.m; sourceTree = "<group>"; };
		17DDA6CA1DE03D4E008C7097 /* SDWebImageDecoder.h */ = {isa = PBXFileReference; fileEncoding = 4; lastKnownFileType = sourcecode.c.h; path = SDWebImageDecoder.h; sourceTree = "<group>"; };
		17DDA6CB1DE03D4E008C7097 /* SDWebImageDecoder.m */ = {isa = PBXFileReference; fileEncoding = 4; lastKnownFileType = sourcecode.c.objc; path = SDWebImageDecoder.m; sourceTree = "<group>"; };
		17DDA6CC1DE03D4E008C7097 /* SDWebImageDownloader.h */ = {isa = PBXFileReference; fileEncoding = 4; lastKnownFileType = sourcecode.c.h; path = SDWebImageDownloader.h; sourceTree = "<group>"; };
		17DDA6CD1DE03D4E008C7097 /* SDWebImageDownloader.m */ = {isa = PBXFileReference; fileEncoding = 4; lastKnownFileType = sourcecode.c.objc; path = SDWebImageDownloader.m; sourceTree = "<group>"; };
		17DDA6CE1DE03D4E008C7097 /* SDWebImageDownloaderOperation.h */ = {isa = PBXFileReference; fileEncoding = 4; lastKnownFileType = sourcecode.c.h; path = SDWebImageDownloaderOperation.h; sourceTree = "<group>"; };
		17DDA6CF1DE03D4E008C7097 /* SDWebImageDownloaderOperation.m */ = {isa = PBXFileReference; fileEncoding = 4; lastKnownFileType = sourcecode.c.objc; path = SDWebImageDownloaderOperation.m; sourceTree = "<group>"; };
		17DDA6D01DE03D4E008C7097 /* SDWebImageManager.h */ = {isa = PBXFileReference; fileEncoding = 4; lastKnownFileType = sourcecode.c.h; path = SDWebImageManager.h; sourceTree = "<group>"; };
		17DDA6D11DE03D4E008C7097 /* SDWebImageManager.m */ = {isa = PBXFileReference; fileEncoding = 4; lastKnownFileType = sourcecode.c.objc; path = SDWebImageManager.m; sourceTree = "<group>"; };
		17DDA6D21DE03D4E008C7097 /* SDWebImageOperation.h */ = {isa = PBXFileReference; fileEncoding = 4; lastKnownFileType = sourcecode.c.h; path = SDWebImageOperation.h; sourceTree = "<group>"; };
		17DDA6D31DE03D4E008C7097 /* SDWebImagePrefetcher.h */ = {isa = PBXFileReference; fileEncoding = 4; lastKnownFileType = sourcecode.c.h; path = SDWebImagePrefetcher.h; sourceTree = "<group>"; };
		17DDA6D41DE03D4E008C7097 /* SDWebImagePrefetcher.m */ = {isa = PBXFileReference; fileEncoding = 4; lastKnownFileType = sourcecode.c.objc; path = SDWebImagePrefetcher.m; sourceTree = "<group>"; };
		17DDA6D51DE03D4E008C7097 /* UIButton+WebCache.h */ = {isa = PBXFileReference; fileEncoding = 4; lastKnownFileType = sourcecode.c.h; path = "UIButton+WebCache.h"; sourceTree = "<group>"; };
		17DDA6D61DE03D4E008C7097 /* UIButton+WebCache.m */ = {isa = PBXFileReference; fileEncoding = 4; lastKnownFileType = sourcecode.c.objc; path = "UIButton+WebCache.m"; sourceTree = "<group>"; };
		17DDA6D71DE03D4E008C7097 /* UIImage+GIF.h */ = {isa = PBXFileReference; fileEncoding = 4; lastKnownFileType = sourcecode.c.h; path = "UIImage+GIF.h"; sourceTree = "<group>"; };
		17DDA6D81DE03D4E008C7097 /* UIImage+GIF.m */ = {isa = PBXFileReference; fileEncoding = 4; lastKnownFileType = sourcecode.c.objc; path = "UIImage+GIF.m"; sourceTree = "<group>"; };
		17DDA6D91DE03D4E008C7097 /* UIImage+MultiFormat.h */ = {isa = PBXFileReference; fileEncoding = 4; lastKnownFileType = sourcecode.c.h; path = "UIImage+MultiFormat.h"; sourceTree = "<group>"; };
		17DDA6DA1DE03D4E008C7097 /* UIImage+MultiFormat.m */ = {isa = PBXFileReference; fileEncoding = 4; lastKnownFileType = sourcecode.c.objc; path = "UIImage+MultiFormat.m"; sourceTree = "<group>"; };
		17DDA6DB1DE03D4E008C7097 /* UIImageView+HighlightedWebCache.h */ = {isa = PBXFileReference; fileEncoding = 4; lastKnownFileType = sourcecode.c.h; path = "UIImageView+HighlightedWebCache.h"; sourceTree = "<group>"; };
		17DDA6DC1DE03D4E008C7097 /* UIImageView+HighlightedWebCache.m */ = {isa = PBXFileReference; fileEncoding = 4; lastKnownFileType = sourcecode.c.objc; path = "UIImageView+HighlightedWebCache.m"; sourceTree = "<group>"; };
		17DDA6DD1DE03D4E008C7097 /* UIImageView+WebCache.h */ = {isa = PBXFileReference; fileEncoding = 4; lastKnownFileType = sourcecode.c.h; path = "UIImageView+WebCache.h"; sourceTree = "<group>"; };
		17DDA6DE1DE03D4E008C7097 /* UIImageView+WebCache.m */ = {isa = PBXFileReference; fileEncoding = 4; lastKnownFileType = sourcecode.c.objc; path = "UIImageView+WebCache.m"; sourceTree = "<group>"; };
		17DDA6DF1DE03D4E008C7097 /* UIView+WebCacheOperation.h */ = {isa = PBXFileReference; fileEncoding = 4; lastKnownFileType = sourcecode.c.h; path = "UIView+WebCacheOperation.h"; sourceTree = "<group>"; };
		17DDA6E01DE03D4E008C7097 /* UIView+WebCacheOperation.m */ = {isa = PBXFileReference; fileEncoding = 4; lastKnownFileType = sourcecode.c.objc; path = "UIView+WebCacheOperation.m"; sourceTree = "<group>"; };
		17DDA6F21DE03FA3008C7097 /* CoreImage.framework */ = {isa = PBXFileReference; lastKnownFileType = wrapper.framework; name = CoreImage.framework; path = System/Library/Frameworks/CoreImage.framework; sourceTree = SDKROOT; };
		17DDA6F41DE03FAA008C7097 /* ImageIO.framework */ = {isa = PBXFileReference; lastKnownFileType = wrapper.framework; name = ImageIO.framework; path = System/Library/Frameworks/ImageIO.framework; sourceTree = SDKROOT; };
		17DDA6F61DE0409D008C7097 /* SPTabBar.h */ = {isa = PBXFileReference; fileEncoding = 4; lastKnownFileType = sourcecode.c.h; path = SPTabBar.h; sourceTree = "<group>"; };
		17DDA6F71DE0409D008C7097 /* SPTabBar.m */ = {isa = PBXFileReference; fileEncoding = 4; lastKnownFileType = sourcecode.c.objc; path = SPTabBar.m; sourceTree = "<group>"; };
		17DDA6F91DE043FB008C7097 /* SPTabBarView.h */ = {isa = PBXFileReference; fileEncoding = 4; lastKnownFileType = sourcecode.c.h; path = SPTabBarView.h; sourceTree = "<group>"; };
		17DDA6FA1DE043FB008C7097 /* SPTabBarView.m */ = {isa = PBXFileReference; fileEncoding = 4; lastKnownFileType = sourcecode.c.objc; path = SPTabBarView.m; sourceTree = "<group>"; };
		17DDA7061DE087DC008C7097 /* SPTabBarItemView.h */ = {isa = PBXFileReference; fileEncoding = 4; lastKnownFileType = sourcecode.c.h; path = SPTabBarItemView.h; sourceTree = "<group>"; };
		17DDA7071DE087DC008C7097 /* SPTabBarItemView.m */ = {isa = PBXFileReference; fileEncoding = 4; lastKnownFileType = sourcecode.c.objc; path = SPTabBarItemView.m; sourceTree = "<group>"; };
		17DDA70A1DE08B17008C7097 /* MASCompositeConstraint.h */ = {isa = PBXFileReference; fileEncoding = 4; lastKnownFileType = sourcecode.c.h; path = MASCompositeConstraint.h; sourceTree = "<group>"; };
		17DDA70B1DE08B17008C7097 /* MASCompositeConstraint.m */ = {isa = PBXFileReference; fileEncoding = 4; lastKnownFileType = sourcecode.c.objc; path = MASCompositeConstraint.m; sourceTree = "<group>"; };
		17DDA70C1DE08B17008C7097 /* MASConstraint+Private.h */ = {isa = PBXFileReference; fileEncoding = 4; lastKnownFileType = sourcecode.c.h; path = "MASConstraint+Private.h"; sourceTree = "<group>"; };
		17DDA70D1DE08B17008C7097 /* MASConstraint.h */ = {isa = PBXFileReference; fileEncoding = 4; lastKnownFileType = sourcecode.c.h; path = MASConstraint.h; sourceTree = "<group>"; };
		17DDA70E1DE08B17008C7097 /* MASConstraint.m */ = {isa = PBXFileReference; fileEncoding = 4; lastKnownFileType = sourcecode.c.objc; path = MASConstraint.m; sourceTree = "<group>"; };
		17DDA70F1DE08B17008C7097 /* MASConstraintMaker.h */ = {isa = PBXFileReference; fileEncoding = 4; lastKnownFileType = sourcecode.c.h; path = MASConstraintMaker.h; sourceTree = "<group>"; };
		17DDA7101DE08B17008C7097 /* MASConstraintMaker.m */ = {isa = PBXFileReference; fileEncoding = 4; lastKnownFileType = sourcecode.c.objc; path = MASConstraintMaker.m; sourceTree = "<group>"; };
		17DDA7111DE08B17008C7097 /* MASLayoutConstraint.h */ = {isa = PBXFileReference; fileEncoding = 4; lastKnownFileType = sourcecode.c.h; path = MASLayoutConstraint.h; sourceTree = "<group>"; };
		17DDA7121DE08B17008C7097 /* MASLayoutConstraint.m */ = {isa = PBXFileReference; fileEncoding = 4; lastKnownFileType = sourcecode.c.objc; path = MASLayoutConstraint.m; sourceTree = "<group>"; };
		17DDA7131DE08B17008C7097 /* Masonry.h */ = {isa = PBXFileReference; fileEncoding = 4; lastKnownFileType = sourcecode.c.h; path = Masonry.h; sourceTree = "<group>"; };
		17DDA7141DE08B17008C7097 /* MASUtilities.h */ = {isa = PBXFileReference; fileEncoding = 4; lastKnownFileType = sourcecode.c.h; path = MASUtilities.h; sourceTree = "<group>"; };
		17DDA7151DE08B17008C7097 /* MASViewAttribute.h */ = {isa = PBXFileReference; fileEncoding = 4; lastKnownFileType = sourcecode.c.h; path = MASViewAttribute.h; sourceTree = "<group>"; };
		17DDA7161DE08B17008C7097 /* MASViewAttribute.m */ = {isa = PBXFileReference; fileEncoding = 4; lastKnownFileType = sourcecode.c.objc; path = MASViewAttribute.m; sourceTree = "<group>"; };
		17DDA7171DE08B17008C7097 /* MASViewConstraint.h */ = {isa = PBXFileReference; fileEncoding = 4; lastKnownFileType = sourcecode.c.h; path = MASViewConstraint.h; sourceTree = "<group>"; };
		17DDA7181DE08B17008C7097 /* MASViewConstraint.m */ = {isa = PBXFileReference; fileEncoding = 4; lastKnownFileType = sourcecode.c.objc; path = MASViewConstraint.m; sourceTree = "<group>"; };
		17DDA7191DE08B17008C7097 /* NSArray+MASAdditions.h */ = {isa = PBXFileReference; fileEncoding = 4; lastKnownFileType = sourcecode.c.h; path = "NSArray+MASAdditions.h"; sourceTree = "<group>"; };
		17DDA71A1DE08B17008C7097 /* NSArray+MASAdditions.m */ = {isa = PBXFileReference; fileEncoding = 4; lastKnownFileType = sourcecode.c.objc; path = "NSArray+MASAdditions.m"; sourceTree = "<group>"; };
		17DDA71B1DE08B17008C7097 /* NSArray+MASShorthandAdditions.h */ = {isa = PBXFileReference; fileEncoding = 4; lastKnownFileType = sourcecode.c.h; path = "NSArray+MASShorthandAdditions.h"; sourceTree = "<group>"; };
		17DDA71C1DE08B17008C7097 /* NSLayoutConstraint+MASDebugAdditions.h */ = {isa = PBXFileReference; fileEncoding = 4; lastKnownFileType = sourcecode.c.h; path = "NSLayoutConstraint+MASDebugAdditions.h"; sourceTree = "<group>"; };
		17DDA71D1DE08B17008C7097 /* NSLayoutConstraint+MASDebugAdditions.m */ = {isa = PBXFileReference; fileEncoding = 4; lastKnownFileType = sourcecode.c.objc; path = "NSLayoutConstraint+MASDebugAdditions.m"; sourceTree = "<group>"; };
		17DDA71E1DE08B17008C7097 /* View+MASAdditions.h */ = {isa = PBXFileReference; fileEncoding = 4; lastKnownFileType = sourcecode.c.h; path = "View+MASAdditions.h"; sourceTree = "<group>"; };
		17DDA71F1DE08B17008C7097 /* View+MASAdditions.m */ = {isa = PBXFileReference; fileEncoding = 4; lastKnownFileType = sourcecode.c.objc; path = "View+MASAdditions.m"; sourceTree = "<group>"; };
		17DDA7201DE08B17008C7097 /* View+MASShorthandAdditions.h */ = {isa = PBXFileReference; fileEncoding = 4; lastKnownFileType = sourcecode.c.h; path = "View+MASShorthandAdditions.h"; sourceTree = "<group>"; };
/* End PBXFileReference section */

/* Begin PBXFrameworksBuildPhase section */
		17DDA6331DE0370D008C7097 /* Frameworks */ = {
			isa = PBXFrameworksBuildPhase;
			buildActionMask = 2147483647;
			files = (
				17DDA6F51DE03FAA008C7097 /* ImageIO.framework in Frameworks */,
				17DDA6F31DE03FA3008C7097 /* CoreImage.framework in Frameworks */,
			);
			runOnlyForDeploymentPostprocessing = 0;
		};
		17DDA64C1DE0370D008C7097 /* Frameworks */ = {
			isa = PBXFrameworksBuildPhase;
			buildActionMask = 2147483647;
			files = (
			);
			runOnlyForDeploymentPostprocessing = 0;
		};
		17DDA6571DE0370D008C7097 /* Frameworks */ = {
			isa = PBXFrameworksBuildPhase;
			buildActionMask = 2147483647;
			files = (
			);
			runOnlyForDeploymentPostprocessing = 0;
		};
/* End PBXFrameworksBuildPhase section */

/* Begin PBXGroup section */
		17441F211E30ABF60082BF8E /* CCLogSystem */ = {
			isa = PBXGroup;
			children = (
				17441F221E30ABF60082BF8E /* CCLogSystem */,
				17441F3A1E30ABF60082BF8E /* CCLogSystem.xcodeproj */,
				17441F3D1E30ABF70082BF8E /* CCLogSystemTests */,
			);
			path = CCLogSystem;
			sourceTree = "<group>";
		};
		17441F221E30ABF60082BF8E /* CCLogSystem */ = {
			isa = PBXGroup;
			children = (
				17441F231E30ABF60082BF8E /* CCFileOutputRedirectionController.h */,
				17441F241E30ABF60082BF8E /* CCLocationMake.h */,
				17441F251E30ABF60082BF8E /* CCLocationMake.m */,
				17441F261E30ABF60082BF8E /* CCLog.h */,
				17441F271E30ABF60082BF8E /* CCLog.m */,
				17441F281E30ABF60082BF8E /* CCLogController+Utility.h */,
				17441F291E30ABF60082BF8E /* CCLogController+Utility.m */,
				17441F2A1E30ABF60082BF8E /* CCLogController.h */,
				17441F2B1E30ABF60082BF8E /* CCLogController.m */,
				17441F2C1E30ABF60082BF8E /* CCLogReviewViewController.h */,
				17441F2D1E30ABF60082BF8E /* CCLogReviewViewController.m */,
				17441F2E1E30ABF60082BF8E /* CCLogStringImp.h */,
				17441F2F1E30ABF60082BF8E /* CCLogStringImp.m */,
				17441F301E30ABF60082BF8E /* CCLogSystem.h */,
				17441F311E30ABF60082BF8E /* CCLogSystem.m */,
				17441F321E30ABF60082BF8E /* CCLogViewController.h */,
				17441F331E30ABF60082BF8E /* CCLogViewController.m */,
				17441F341E30ABF60082BF8E /* CCSimpleFileOutputRedirectionController.h */,
				17441F351E30ABF60082BF8E /* CCSimpleFileOutputRedirectionController.m */,
				17441F361E30ABF60082BF8E /* CCTeeController.h */,
				17441F371E30ABF60082BF8E /* CCTeeController.m */,
				17441F381E30ABF60082BF8E /* NSObject+CCReverseComparison.h */,
				17441F391E30ABF60082BF8E /* NSObject+CCReverseComparison.m */,
			);
			path = CCLogSystem;
			sourceTree = "<group>";
		};
		17441F3B1E30ABF60082BF8E /* Products */ = {
			isa = PBXGroup;
			children = (
				17441F4D1E30ABF70082BF8E /* libCCLogSystem.a */,
			);
			name = Products;
			sourceTree = "<group>";
		};
		17441F3D1E30ABF70082BF8E /* CCLogSystemTests */ = {
			isa = PBXGroup;
			children = (
				17441F3E1E30ABF70082BF8E /* Info.plist */,
			);
			path = CCLogSystemTests;
			sourceTree = "<group>";
		};
		17DDA62D1DE0370D008C7097 = {
			isa = PBXGroup;
			children = (
				17441F211E30ABF60082BF8E /* CCLogSystem */,
				17DDA6381DE0370D008C7097 /* SPTabBarViewController */,
				17DDA6521DE0370D008C7097 /* SPTabBarViewControllerTests */,
				17DDA65D1DE0370D008C7097 /* SPTabBarViewControllerUITests */,
				17DDA6371DE0370D008C7097 /* Products */,
				17DDA6F11DE03FA3008C7097 /* Frameworks */,
			);
			sourceTree = "<group>";
		};
		17DDA6371DE0370D008C7097 /* Products */ = {
			isa = PBXGroup;
			children = (
				17DDA6361DE0370D008C7097 /* SPTabBarViewController.app */,
				17DDA64F1DE0370D008C7097 /* SPTabBarViewControllerTests.xctest */,
				17DDA65A1DE0370D008C7097 /* SPTabBarViewControllerUITests.xctest */,
			);
			name = Products;
			sourceTree = "<group>";
		};
		17DDA6381DE0370D008C7097 /* SPTabBarViewController */ = {
			isa = PBXGroup;
			children = (
				17DDA7091DE08B17008C7097 /* Masonry */,
				17DDA6C01DE03D4E008C7097 /* SDWebImage */,
				17DDA66C1DE03724008C7097 /*  Class */,
				17DDA63C1DE0370D008C7097 /* AppDelegate.h */,
				17DDA63D1DE0370D008C7097 /* AppDelegate.m */,
				17DDA67C1DE0377A008C7097 /* SPTabBarViewController.h */,
				17DDA67D1DE0377A008C7097 /* SPTabBarViewController.m */,
				17DDA6F61DE0409D008C7097 /* SPTabBar.h */,
				17DDA6F71DE0409D008C7097 /* SPTabBar.m */,
				17DDA6F91DE043FB008C7097 /* SPTabBarView.h */,
				17DDA6FA1DE043FB008C7097 /* SPTabBarView.m */,
				17DDA7061DE087DC008C7097 /* SPTabBarItemView.h */,
				17DDA7071DE087DC008C7097 /* SPTabBarItemView.m */,
				17DDA63F1DE0370D008C7097 /* ViewController.h */,
				17DDA6401DE0370D008C7097 /* ViewController.m */,
				17DDA6421DE0370D008C7097 /* Main.storyboard */,
				17DDA6451DE0370D008C7097 /* Assets.xcassets */,
				17DDA6471DE0370D008C7097 /* LaunchScreen.storyboard */,
				17DDA64A1DE0370D008C7097 /* Info.plist */,
				17DDA6391DE0370D008C7097 /* Supporting Files */,
			);
			path = SPTabBarViewController;
			sourceTree = "<group>";
		};
		17DDA6391DE0370D008C7097 /* Supporting Files */ = {
			isa = PBXGroup;
			children = (
				17DDA63A1DE0370D008C7097 /* main.m */,
				17441F4E1E30ACA80082BF8E /* PrefixHeader.pch */,
			);
			name = "Supporting Files";
			sourceTree = "<group>";
		};
		17DDA6521DE0370D008C7097 /* SPTabBarViewControllerTests */ = {
			isa = PBXGroup;
			children = (
				17DDA6531DE0370D008C7097 /* SPTabBarViewControllerTests.m */,
				17DDA6551DE0370D008C7097 /* Info.plist */,
			);
			path = SPTabBarViewControllerTests;
			sourceTree = "<group>";
		};
		17DDA65D1DE0370D008C7097 /* SPTabBarViewControllerUITests */ = {
			isa = PBXGroup;
			children = (
				17DDA65E1DE0370D008C7097 /* SPTabBarViewControllerUITests.m */,
				17DDA6601DE0370D008C7097 /* Info.plist */,
			);
			path = SPTabBarViewControllerUITests;
			sourceTree = "<group>";
		};
		17DDA66C1DE03724008C7097 /*  Class */ = {
			isa = PBXGroup;
			children = (
				17DDA66D1DE0375C008C7097 /* AViewController.h */,
				17DDA66E1DE0375C008C7097 /* AViewController.m */,
				17DDA66F1DE0375C008C7097 /* BViewController.h */,
				17DDA6701DE0375C008C7097 /* BViewController.m */,
				17DDA6711DE0375C008C7097 /* CViewController.h */,
				17DDA6721DE0375C008C7097 /* CViewController.m */,
				17DDA6731DE0375C008C7097 /* DViewController.h */,
				17DDA6741DE0375C008C7097 /* DViewController.m */,
				17DDA6751DE0375C008C7097 /* EViewController.h */,
				17DDA6761DE0375C008C7097 /* EViewController.m */,
			);
			path = " Class";
			sourceTree = "<group>";
		};
		17DDA6C01DE03D4E008C7097 /* SDWebImage */ = {
			isa = PBXGroup;
			children = (
				17DDA6C11DE03D4E008C7097 /* LICENSE */,
				17DDA6C21DE03D4E008C7097 /* README.md */,
				17DDA6C31DE03D4E008C7097 /* SDWebImage */,
			);
			path = SDWebImage;
			sourceTree = "<group>";
		};
		17DDA6C31DE03D4E008C7097 /* SDWebImage */ = {
			isa = PBXGroup;
			children = (
				17DDA6C41DE03D4E008C7097 /* NSData+ImageContentType.h */,
				17DDA6C51DE03D4E008C7097 /* NSData+ImageContentType.m */,
				17DDA6C61DE03D4E008C7097 /* SDImageCache.h */,
				17DDA6C71DE03D4E008C7097 /* SDImageCache.m */,
				17DDA6C81DE03D4E008C7097 /* SDWebImageCompat.h */,
				17DDA6C91DE03D4E008C7097 /* SDWebImageCompat.m */,
				17DDA6CA1DE03D4E008C7097 /* SDWebImageDecoder.h */,
				17DDA6CB1DE03D4E008C7097 /* SDWebImageDecoder.m */,
				17DDA6CC1DE03D4E008C7097 /* SDWebImageDownloader.h */,
				17DDA6CD1DE03D4E008C7097 /* SDWebImageDownloader.m */,
				17DDA6CE1DE03D4E008C7097 /* SDWebImageDownloaderOperation.h */,
				17DDA6CF1DE03D4E008C7097 /* SDWebImageDownloaderOperation.m */,
				17DDA6D01DE03D4E008C7097 /* SDWebImageManager.h */,
				17DDA6D11DE03D4E008C7097 /* SDWebImageManager.m */,
				17DDA6D21DE03D4E008C7097 /* SDWebImageOperation.h */,
				17DDA6D31DE03D4E008C7097 /* SDWebImagePrefetcher.h */,
				17DDA6D41DE03D4E008C7097 /* SDWebImagePrefetcher.m */,
				17DDA6D51DE03D4E008C7097 /* UIButton+WebCache.h */,
				17DDA6D61DE03D4E008C7097 /* UIButton+WebCache.m */,
				17DDA6D71DE03D4E008C7097 /* UIImage+GIF.h */,
				17DDA6D81DE03D4E008C7097 /* UIImage+GIF.m */,
				17DDA6D91DE03D4E008C7097 /* UIImage+MultiFormat.h */,
				17DDA6DA1DE03D4E008C7097 /* UIImage+MultiFormat.m */,
				17DDA6DB1DE03D4E008C7097 /* UIImageView+HighlightedWebCache.h */,
				17DDA6DC1DE03D4E008C7097 /* UIImageView+HighlightedWebCache.m */,
				17DDA6DD1DE03D4E008C7097 /* UIImageView+WebCache.h */,
				17DDA6DE1DE03D4E008C7097 /* UIImageView+WebCache.m */,
				17DDA6DF1DE03D4E008C7097 /* UIView+WebCacheOperation.h */,
				17DDA6E01DE03D4E008C7097 /* UIView+WebCacheOperation.m */,
			);
			path = SDWebImage;
			sourceTree = "<group>";
		};
		17DDA6F11DE03FA3008C7097 /* Frameworks */ = {
			isa = PBXGroup;
			children = (
				17DDA6F41DE03FAA008C7097 /* ImageIO.framework */,
				17DDA6F21DE03FA3008C7097 /* CoreImage.framework */,
			);
			name = Frameworks;
			sourceTree = "<group>";
		};
		17DDA7091DE08B17008C7097 /* Masonry */ = {
			isa = PBXGroup;
			children = (
				17DDA70A1DE08B17008C7097 /* MASCompositeConstraint.h */,
				17DDA70B1DE08B17008C7097 /* MASCompositeConstraint.m */,
				17DDA70C1DE08B17008C7097 /* MASConstraint+Private.h */,
				17DDA70D1DE08B17008C7097 /* MASConstraint.h */,
				17DDA70E1DE08B17008C7097 /* MASConstraint.m */,
				17DDA70F1DE08B17008C7097 /* MASConstraintMaker.h */,
				17DDA7101DE08B17008C7097 /* MASConstraintMaker.m */,
				17DDA7111DE08B17008C7097 /* MASLayoutConstraint.h */,
				17DDA7121DE08B17008C7097 /* MASLayoutConstraint.m */,
				17DDA7131DE08B17008C7097 /* Masonry.h */,
				17DDA7141DE08B17008C7097 /* MASUtilities.h */,
				17DDA7151DE08B17008C7097 /* MASViewAttribute.h */,
				17DDA7161DE08B17008C7097 /* MASViewAttribute.m */,
				17DDA7171DE08B17008C7097 /* MASViewConstraint.h */,
				17DDA7181DE08B17008C7097 /* MASViewConstraint.m */,
				17DDA7191DE08B17008C7097 /* NSArray+MASAdditions.h */,
				17DDA71A1DE08B17008C7097 /* NSArray+MASAdditions.m */,
				17DDA71B1DE08B17008C7097 /* NSArray+MASShorthandAdditions.h */,
				17DDA71C1DE08B17008C7097 /* NSLayoutConstraint+MASDebugAdditions.h */,
				17DDA71D1DE08B17008C7097 /* NSLayoutConstraint+MASDebugAdditions.m */,
				17DDA71E1DE08B17008C7097 /* View+MASAdditions.h */,
				17DDA71F1DE08B17008C7097 /* View+MASAdditions.m */,
				17DDA7201DE08B17008C7097 /* View+MASShorthandAdditions.h */,
			);
			path = Masonry;
			sourceTree = "<group>";
		};
/* End PBXGroup section */

/* Begin PBXNativeTarget section */
		17DDA6351DE0370D008C7097 /* SPTabBarViewController */ = {
			isa = PBXNativeTarget;
			buildConfigurationList = 17DDA6631DE0370D008C7097 /* Build configuration list for PBXNativeTarget "SPTabBarViewController" */;
			buildPhases = (
				17DDA6321DE0370D008C7097 /* Sources */,
				17DDA6331DE0370D008C7097 /* Frameworks */,
				17DDA6341DE0370D008C7097 /* Resources */,
			);
			buildRules = (
			);
			dependencies = (
			);
			name = SPTabBarViewController;
			productName = SPTabBarViewController;
			productReference = 17DDA6361DE0370D008C7097 /* SPTabBarViewController.app */;
			productType = "com.apple.product-type.application";
		};
		17DDA64E1DE0370D008C7097 /* SPTabBarViewControllerTests */ = {
			isa = PBXNativeTarget;
			buildConfigurationList = 17DDA6661DE0370D008C7097 /* Build configuration list for PBXNativeTarget "SPTabBarViewControllerTests" */;
			buildPhases = (
				17DDA64B1DE0370D008C7097 /* Sources */,
				17DDA64C1DE0370D008C7097 /* Frameworks */,
				17DDA64D1DE0370D008C7097 /* Resources */,
			);
			buildRules = (
			);
			dependencies = (
				17DDA6511DE0370D008C7097 /* PBXTargetDependency */,
			);
			name = SPTabBarViewControllerTests;
			productName = SPTabBarViewControllerTests;
			productReference = 17DDA64F1DE0370D008C7097 /* SPTabBarViewControllerTests.xctest */;
			productType = "com.apple.product-type.bundle.unit-test";
		};
		17DDA6591DE0370D008C7097 /* SPTabBarViewControllerUITests */ = {
			isa = PBXNativeTarget;
			buildConfigurationList = 17DDA6691DE0370D008C7097 /* Build configuration list for PBXNativeTarget "SPTabBarViewControllerUITests" */;
			buildPhases = (
				17DDA6561DE0370D008C7097 /* Sources */,
				17DDA6571DE0370D008C7097 /* Frameworks */,
				17DDA6581DE0370D008C7097 /* Resources */,
			);
			buildRules = (
			);
			dependencies = (
				17DDA65C1DE0370D008C7097 /* PBXTargetDependency */,
			);
			name = SPTabBarViewControllerUITests;
			productName = SPTabBarViewControllerUITests;
			productReference = 17DDA65A1DE0370D008C7097 /* SPTabBarViewControllerUITests.xctest */;
			productType = "com.apple.product-type.bundle.ui-testing";
		};
/* End PBXNativeTarget section */

/* Begin PBXProject section */
		17DDA62E1DE0370D008C7097 /* Project object */ = {
			isa = PBXProject;
			attributes = {
				LastUpgradeCheck = 0820;
				ORGANIZATIONNAME = je_ffy;
				TargetAttributes = {
					17DDA6351DE0370D008C7097 = {
						CreatedOnToolsVersion = 8.1;
						DevelopmentTeam = JKV7V4656F;
						ProvisioningStyle = Automatic;
					};
					17DDA64E1DE0370D008C7097 = {
						CreatedOnToolsVersion = 8.1;
						DevelopmentTeam = JKV7V4656F;
						ProvisioningStyle = Automatic;
						TestTargetID = 17DDA6351DE0370D008C7097;
					};
					17DDA6591DE0370D008C7097 = {
						CreatedOnToolsVersion = 8.1;
						DevelopmentTeam = JKV7V4656F;
						ProvisioningStyle = Automatic;
						TestTargetID = 17DDA6351DE0370D008C7097;
					};
				};
			};
			buildConfigurationList = 17DDA6311DE0370D008C7097 /* Build configuration list for PBXProject "SPTabBarViewController" */;
			compatibilityVersion = "Xcode 3.2";
			developmentRegion = English;
			hasScannedForEncodings = 0;
			knownRegions = (
				en,
				Base,
			);
			mainGroup = 17DDA62D1DE0370D008C7097;
			productRefGroup = 17DDA6371DE0370D008C7097 /* Products */;
			projectDirPath = "";
			projectReferences = (
				{
					ProductGroup = 17441F3B1E30ABF60082BF8E /* Products */;
					ProjectRef = 17441F3A1E30ABF60082BF8E /* CCLogSystem.xcodeproj */;
				},
			);
			projectRoot = "";
			targets = (
				17DDA6351DE0370D008C7097 /* SPTabBarViewController */,
				17DDA64E1DE0370D008C7097 /* SPTabBarViewControllerTests */,
				17DDA6591DE0370D008C7097 /* SPTabBarViewControllerUITests */,
			);
		};
/* End PBXProject section */

/* Begin PBXReferenceProxy section */
		17441F4D1E30ABF70082BF8E /* libCCLogSystem.a */ = {
			isa = PBXReferenceProxy;
			fileType = archive.ar;
			path = libCCLogSystem.a;
			remoteRef = 17441F4C1E30ABF70082BF8E /* PBXContainerItemProxy */;
			sourceTree = BUILT_PRODUCTS_DIR;
		};
/* End PBXReferenceProxy section */

/* Begin PBXResourcesBuildPhase section */
		17DDA6341DE0370D008C7097 /* Resources */ = {
			isa = PBXResourcesBuildPhase;
			buildActionMask = 2147483647;
			files = (
				17DDA6491DE0370D008C7097 /* LaunchScreen.storyboard in Resources */,
				17DDA6461DE0370D008C7097 /* Assets.xcassets in Resources */,
				17DDA6E11DE03D4E008C7097 /* LICENSE in Resources */,
				17441F4A1E30ABF70082BF8E /* Info.plist in Resources */,
				17DDA6441DE0370D008C7097 /* Main.storyboard in Resources */,
			);
			runOnlyForDeploymentPostprocessing = 0;
		};
		17DDA64D1DE0370D008C7097 /* Resources */ = {
			isa = PBXResourcesBuildPhase;
			buildActionMask = 2147483647;
			files = (
			);
			runOnlyForDeploymentPostprocessing = 0;
		};
		17DDA6581DE0370D008C7097 /* Resources */ = {
			isa = PBXResourcesBuildPhase;
			buildActionMask = 2147483647;
			files = (
			);
			runOnlyForDeploymentPostprocessing = 0;
		};
/* End PBXResourcesBuildPhase section */

/* Begin PBXSourcesBuildPhase section */
		17DDA6321DE0370D008C7097 /* Sources */ = {
			isa = PBXSourcesBuildPhase;
			buildActionMask = 2147483647;
			files = (
				17DDA6E61DE03D4E008C7097 /* SDWebImageDecoder.m in Sources */,
				17DDA67B1DE0375C008C7097 /* EViewController.m in Sources */,
				17DDA6E81DE03D4E008C7097 /* SDWebImageDownloaderOperation.m in Sources */,
				17DDA6E91DE03D4E008C7097 /* SDWebImageManager.m in Sources */,
				17DDA6F01DE03D4E008C7097 /* UIView+WebCacheOperation.m in Sources */,
				17DDA6771DE0375C008C7097 /* AViewController.m in Sources */,
				17DDA6E21DE03D4E008C7097 /* README.md in Sources */,
				17DDA6EE1DE03D4E008C7097 /* UIImageView+HighlightedWebCache.m in Sources */,
				17DDA7291DE08B17008C7097 /* View+MASAdditions.m in Sources */,
				17DDA6E71DE03D4E008C7097 /* SDWebImageDownloader.m in Sources */,
				17441F431E30ABF70082BF8E /* CCLogReviewViewController.m in Sources */,
				17441F411E30ABF70082BF8E /* CCLogController+Utility.m in Sources */,
				17441F451E30ABF70082BF8E /* CCLogSystem.m in Sources */,
				17DDA67E1DE0377A008C7097 /* SPTabBarViewController.m in Sources */,
				17DDA6E51DE03D4E008C7097 /* SDWebImageCompat.m in Sources */,
				17DDA7231DE08B17008C7097 /* MASConstraintMaker.m in Sources */,
				17DDA7271DE08B17008C7097 /* NSArray+MASAdditions.m in Sources */,
				17441F441E30ABF70082BF8E /* CCLogStringImp.m in Sources */,
				17DDA7261DE08B17008C7097 /* MASViewConstraint.m in Sources */,
				17DDA6EA1DE03D4E008C7097 /* SDWebImagePrefetcher.m in Sources */,
				17441F471E30ABF70082BF8E /* CCSimpleFileOutputRedirectionController.m in Sources */,
				17441F491E30ABF70082BF8E /* NSObject+CCReverseComparison.m in Sources */,
				17DDA6ED1DE03D4E008C7097 /* UIImage+MultiFormat.m in Sources */,
				17DDA6F81DE0409D008C7097 /* SPTabBar.m in Sources */,
				17DDA6411DE0370D008C7097 /* ViewController.m in Sources */,
				17DDA6791DE0375C008C7097 /* CViewController.m in Sources */,
				17DDA6EB1DE03D4E008C7097 /* UIButton+WebCache.m in Sources */,
				17DDA63E1DE0370D008C7097 /* AppDelegate.m in Sources */,
				17DDA6E41DE03D4E008C7097 /* SDImageCache.m in Sources */,
				17441F481E30ABF70082BF8E /* CCTeeController.m in Sources */,
				17DDA6781DE0375C008C7097 /* BViewController.m in Sources */,
				17DDA7281DE08B17008C7097 /* NSLayoutConstraint+MASDebugAdditions.m in Sources */,
				17DDA7241DE08B17008C7097 /* MASLayoutConstraint.m in Sources */,
				17DDA67A1DE0375C008C7097 /* DViewController.m in Sources */,
				17441F461E30ABF70082BF8E /* CCLogViewController.m in Sources */,
				17DDA7081DE087DC008C7097 /* SPTabBarItemView.m in Sources */,
				17DDA7221DE08B17008C7097 /* MASConstraint.m in Sources */,
				17DDA6FB1DE043FB008C7097 /* SPTabBarView.m in Sources */,
				17DDA63B1DE0370D008C7097 /* main.m in Sources */,
				17441F421E30ABF70082BF8E /* CCLogController.m in Sources */,
				17DDA7211DE08B17008C7097 /* MASCompositeConstraint.m in Sources */,
				17DDA6EC1DE03D4E008C7097 /* UIImage+GIF.m in Sources */,
				17DDA7251DE08B17008C7097 /* MASViewAttribute.m in Sources */,
				17DDA6EF1DE03D4E008C7097 /* UIImageView+WebCache.m in Sources */,
				17DDA6E31DE03D4E008C7097 /* NSData+ImageContentType.m in Sources */,
				17441F401E30ABF70082BF8E /* CCLog.m in Sources */,
				17441F3F1E30ABF70082BF8E /* CCLocationMake.m in Sources */,
			);
			runOnlyForDeploymentPostprocessing = 0;
		};
		17DDA64B1DE0370D008C7097 /* Sources */ = {
			isa = PBXSourcesBuildPhase;
			buildActionMask = 2147483647;
			files = (
				17DDA6541DE0370D008C7097 /* SPTabBarViewControllerTests.m in Sources */,
			);
			runOnlyForDeploymentPostprocessing = 0;
		};
		17DDA6561DE0370D008C7097 /* Sources */ = {
			isa = PBXSourcesBuildPhase;
			buildActionMask = 2147483647;
			files = (
				17DDA65F1DE0370D008C7097 /* SPTabBarViewControllerUITests.m in Sources */,
			);
			runOnlyForDeploymentPostprocessing = 0;
		};
/* End PBXSourcesBuildPhase section */

/* Begin PBXTargetDependency section */
		17DDA6511DE0370D008C7097 /* PBXTargetDependency */ = {
			isa = PBXTargetDependency;
			target = 17DDA6351DE0370D008C7097 /* SPTabBarViewController */;
			targetProxy = 17DDA6501DE0370D008C7097 /* PBXContainerItemProxy */;
		};
		17DDA65C1DE0370D008C7097 /* PBXTargetDependency */ = {
			isa = PBXTargetDependency;
			target = 17DDA6351DE0370D008C7097 /* SPTabBarViewController */;
			targetProxy = 17DDA65B1DE0370D008C7097 /* PBXContainerItemProxy */;
		};
/* End PBXTargetDependency section */

/* Begin PBXVariantGroup section */
		17DDA6421DE0370D008C7097 /* Main.storyboard */ = {
			isa = PBXVariantGroup;
			children = (
				17DDA6431DE0370D008C7097 /* Base */,
			);
			name = Main.storyboard;
			sourceTree = "<group>";
		};
		17DDA6471DE0370D008C7097 /* LaunchScreen.storyboard */ = {
			isa = PBXVariantGroup;
			children = (
				17DDA6481DE0370D008C7097 /* Base */,
			);
			name = LaunchScreen.storyboard;
			sourceTree = "<group>";
		};
/* End PBXVariantGroup section */

/* Begin XCBuildConfiguration section */
		17DDA6611DE0370D008C7097 /* Debug */ = {
			isa = XCBuildConfiguration;
			buildSettings = {
				ALWAYS_SEARCH_USER_PATHS = NO;
				CLANG_ANALYZER_NONNULL = YES;
				CLANG_CXX_LANGUAGE_STANDARD = "gnu++0x";
				CLANG_CXX_LIBRARY = "libc++";
				CLANG_ENABLE_MODULES = YES;
				CLANG_ENABLE_OBJC_ARC = YES;
				CLANG_WARN_BOOL_CONVERSION = YES;
				CLANG_WARN_CONSTANT_CONVERSION = YES;
				CLANG_WARN_DIRECT_OBJC_ISA_USAGE = YES_ERROR;
				CLANG_WARN_DOCUMENTATION_COMMENTS = YES;
				CLANG_WARN_EMPTY_BODY = YES;
				CLANG_WARN_ENUM_CONVERSION = YES;
				CLANG_WARN_INFINITE_RECURSION = YES;
				CLANG_WARN_INT_CONVERSION = YES;
				CLANG_WARN_OBJC_ROOT_CLASS = YES_ERROR;
				CLANG_WARN_SUSPICIOUS_MOVE = YES;
				CLANG_WARN_SUSPICIOUS_MOVES = YES;
				CLANG_WARN_UNREACHABLE_CODE = YES;
				CLANG_WARN__DUPLICATE_METHOD_MATCH = YES;
				"CODE_SIGN_IDENTITY[sdk=iphoneos*]" = "iPhone Developer";
				COPY_PHASE_STRIP = NO;
				DEBUG_INFORMATION_FORMAT = dwarf;
				ENABLE_STRICT_OBJC_MSGSEND = YES;
				ENABLE_TESTABILITY = YES;
				GCC_C_LANGUAGE_STANDARD = gnu99;
				GCC_DYNAMIC_NO_PIC = NO;
				GCC_NO_COMMON_BLOCKS = YES;
				GCC_OPTIMIZATION_LEVEL = 0;
				GCC_PREPROCESSOR_DEFINITIONS = (
					"DEBUG=1",
					"$(inherited)",
				);
				GCC_WARN_64_TO_32_BIT_CONVERSION = YES;
				GCC_WARN_ABOUT_RETURN_TYPE = YES_ERROR;
				GCC_WARN_UNDECLARED_SELECTOR = YES;
				GCC_WARN_UNINITIALIZED_AUTOS = YES_AGGRESSIVE;
				GCC_WARN_UNUSED_FUNCTION = YES;
				GCC_WARN_UNUSED_VARIABLE = YES;
				IPHONEOS_DEPLOYMENT_TARGET = 10.1;
				MTL_ENABLE_DEBUG_INFO = YES;
				ONLY_ACTIVE_ARCH = YES;
				SDKROOT = iphoneos;
			};
			name = Debug;
		};
		17DDA6621DE0370D008C7097 /* Release */ = {
			isa = XCBuildConfiguration;
			buildSettings = {
				ALWAYS_SEARCH_USER_PATHS = NO;
				CLANG_ANALYZER_NONNULL = YES;
				CLANG_CXX_LANGUAGE_STANDARD = "gnu++0x";
				CLANG_CXX_LIBRARY = "libc++";
				CLANG_ENABLE_MODULES = YES;
				CLANG_ENABLE_OBJC_ARC = YES;
				CLANG_WARN_BOOL_CONVERSION = YES;
				CLANG_WARN_CONSTANT_CONVERSION = YES;
				CLANG_WARN_DIRECT_OBJC_ISA_USAGE = YES_ERROR;
				CLANG_WARN_DOCUMENTATION_COMMENTS = YES;
				CLANG_WARN_EMPTY_BODY = YES;
				CLANG_WARN_ENUM_CONVERSION = YES;
				CLANG_WARN_INFINITE_RECURSION = YES;
				CLANG_WARN_INT_CONVERSION = YES;
				CLANG_WARN_OBJC_ROOT_CLASS = YES_ERROR;
				CLANG_WARN_SUSPICIOUS_MOVE = YES;
				CLANG_WARN_SUSPICIOUS_MOVES = YES;
				CLANG_WARN_UNREACHABLE_CODE = YES;
				CLANG_WARN__DUPLICATE_METHOD_MATCH = YES;
				"CODE_SIGN_IDENTITY[sdk=iphoneos*]" = "iPhone Developer";
				COPY_PHASE_STRIP = NO;
				DEBUG_INFORMATION_FORMAT = "dwarf-with-dsym";
				ENABLE_NS_ASSERTIONS = NO;
				ENABLE_STRICT_OBJC_MSGSEND = YES;
				GCC_C_LANGUAGE_STANDARD = gnu99;
				GCC_NO_COMMON_BLOCKS = YES;
				GCC_WARN_64_TO_32_BIT_CONVERSION = YES;
				GCC_WARN_ABOUT_RETURN_TYPE = YES_ERROR;
				GCC_WARN_UNDECLARED_SELECTOR = YES;
				GCC_WARN_UNINITIALIZED_AUTOS = YES_AGGRESSIVE;
				GCC_WARN_UNUSED_FUNCTION = YES;
				GCC_WARN_UNUSED_VARIABLE = YES;
				IPHONEOS_DEPLOYMENT_TARGET = 10.1;
				MTL_ENABLE_DEBUG_INFO = NO;
				SDKROOT = iphoneos;
				VALIDATE_PRODUCT = YES;
			};
			name = Release;
		};
		17DDA6641DE0370D008C7097 /* Debug */ = {
			isa = XCBuildConfiguration;
			buildSettings = {
				ASSETCATALOG_COMPILER_APPICON_NAME = AppIcon;
				DEVELOPMENT_TEAM = JKV7V4656F;
				GCC_INCREASE_PRECOMPILED_HEADER_SHARING = NO;
				GCC_PRECOMPILE_PREFIX_HEADER = YES;
				GCC_PREFIX_HEADER = "$(SRCROOT)/SPTabBarViewController/PrefixHeader.pch";
				INFOPLIST_FILE = SPTabBarViewController/Info.plist;
				LD_RUNPATH_SEARCH_PATHS = "$(inherited) @executable_path/Frameworks";
				PRODUCT_BUNDLE_IDENTIFIER = com.shangpin.SPTabBarViewController;
				PRODUCT_NAME = "$(TARGET_NAME)";
			};
			name = Debug;
		};
		17DDA6651DE0370D008C7097 /* Release */ = {
			isa = XCBuildConfiguration;
			buildSettings = {
				ASSETCATALOG_COMPILER_APPICON_NAME = AppIcon;
				DEVELOPMENT_TEAM = JKV7V4656F;
				GCC_INCREASE_PRECOMPILED_HEADER_SHARING = NO;
				GCC_PRECOMPILE_PREFIX_HEADER = YES;
				GCC_PREFIX_HEADER = "$(SRCROOT)/SPTabBarViewController/PrefixHeader.pch";
				INFOPLIST_FILE = SPTabBarViewController/Info.plist;
				LD_RUNPATH_SEARCH_PATHS = "$(inherited) @executable_path/Frameworks";
				PRODUCT_BUNDLE_IDENTIFIER = com.shangpin.SPTabBarViewController;
				PRODUCT_NAME = "$(TARGET_NAME)";
			};
			name = Release;
		};
		17DDA6671DE0370D008C7097 /* Debug */ = {
			isa = XCBuildConfiguration;
			buildSettings = {
				BUNDLE_LOADER = "$(TEST_HOST)";
				DEVELOPMENT_TEAM = JKV7V4656F;
				INFOPLIST_FILE = SPTabBarViewControllerTests/Info.plist;
				LD_RUNPATH_SEARCH_PATHS = "$(inherited) @executable_path/Frameworks @loader_path/Frameworks";
				PRODUCT_BUNDLE_IDENTIFIER = com.shangpin.SPTabBarViewControllerTests;
				PRODUCT_NAME = "$(TARGET_NAME)";
				TEST_HOST = "$(BUILT_PRODUCTS_DIR)/SPTabBarViewController.app/SPTabBarViewController";
			};
			name = Debug;
		};
		17DDA6681DE0370D008C7097 /* Release */ = {
			isa = XCBuildConfiguration;
			buildSettings = {
				BUNDLE_LOADER = "$(TEST_HOST)";
				DEVELOPMENT_TEAM = JKV7V4656F;
				INFOPLIST_FILE = SPTabBarViewControllerTests/Info.plist;
				LD_RUNPATH_SEARCH_PATHS = "$(inherited) @executable_path/Frameworks @loader_path/Frameworks";
				PRODUCT_BUNDLE_IDENTIFIER = com.shangpin.SPTabBarViewControllerTests;
				PRODUCT_NAME = "$(TARGET_NAME)";
				TEST_HOST = "$(BUILT_PRODUCTS_DIR)/SPTabBarViewController.app/SPTabBarViewController";
			};
			name = Release;
		};
		17DDA66A1DE0370D008C7097 /* Debug */ = {
			isa = XCBuildConfiguration;
			buildSettings = {
				DEVELOPMENT_TEAM = JKV7V4656F;
				INFOPLIST_FILE = SPTabBarViewControllerUITests/Info.plist;
				LD_RUNPATH_SEARCH_PATHS = "$(inherited) @executable_path/Frameworks @loader_path/Frameworks";
				PRODUCT_BUNDLE_IDENTIFIER = com.shangpin.SPTabBarViewControllerUITests;
				PRODUCT_NAME = "$(TARGET_NAME)";
				TEST_TARGET_NAME = SPTabBarViewController;
			};
			name = Debug;
		};
		17DDA66B1DE0370D008C7097 /* Release */ = {
			isa = XCBuildConfiguration;
			buildSettings = {
				DEVELOPMENT_TEAM = JKV7V4656F;
				INFOPLIST_FILE = SPTabBarViewControllerUITests/Info.plist;
				LD_RUNPATH_SEARCH_PATHS = "$(inherited) @executable_path/Frameworks @loader_path/Frameworks";
				PRODUCT_BUNDLE_IDENTIFIER = com.shangpin.SPTabBarViewControllerUITests;
				PRODUCT_NAME = "$(TARGET_NAME)";
				TEST_TARGET_NAME = SPTabBarViewController;
			};
			name = Release;
		};
/* End XCBuildConfiguration section */

/* Begin XCConfigurationList section */
		17DDA6311DE0370D008C7097 /* Build configuration list for PBXProject "SPTabBarViewController" */ = {
			isa = XCConfigurationList;
			buildConfigurations = (
				17DDA6611DE0370D008C7097 /* Debug */,
				17DDA6621DE0370D008C7097 /* Release */,
			);
			defaultConfigurationIsVisible = 0;
			defaultConfigurationName = Release;
		};
		17DDA6631DE0370D008C7097 /* Build configuration list for PBXNativeTarget "SPTabBarViewController" */ = {
			isa = XCConfigurationList;
			buildConfigurations = (
				17DDA6641DE0370D008C7097 /* Debug */,
				17DDA6651DE0370D008C7097 /* Release */,
			);
			defaultConfigurationIsVisible = 0;
			defaultConfigurationName = Release;
		};
		17DDA6661DE0370D008C7097 /* Build configuration list for PBXNativeTarget "SPTabBarViewControllerTests" */ = {
			isa = XCConfigurationList;
			buildConfigurations = (
				17DDA6671DE0370D008C7097 /* Debug */,
				17DDA6681DE0370D008C7097 /* Release */,
			);
			defaultConfigurationIsVisible = 0;
			defaultConfigurationName = Release;
		};
		17DDA6691DE0370D008C7097 /* Build configuration list for PBXNativeTarget "SPTabBarViewControllerUITests" */ = {
			isa = XCConfigurationList;
			buildConfigurations = (
				17DDA66A1DE0370D008C7097 /* Debug */,
				17DDA66B1DE0370D008C7097 /* Release */,
			);
			defaultConfigurationIsVisible = 0;
			defaultConfigurationName = Release;
		};
/* End XCConfigurationList section */
	};
	rootObject = 17DDA62E1DE0370D008C7097 /* Project object */;
}
